
Microsoft Visual Studio Solution File, Format Version 12.00
# Visual Studio 15
VisualStudioVersion = 15.0.26730.15
MinimumVisualStudioVersion = 10.0.40219.1
Project("{2150E333-8FDC-42A3-9474-1A3956D46DE8}") = "Apps", "Apps", "{6FC8DA3E-DE22-4C74-B70C-39819C441EE0}"
EndProject
Project("{2150E333-8FDC-42A3-9474-1A3956D46DE8}") = "Logics", "Logics", "{360E191B-B509-4E4A-AAEB-27808A259B60}"
EndProject
Project("{2150E333-8FDC-42A3-9474-1A3956D46DE8}") = "Tools", "Tools", "{C2D6FD58-68C2-40F4-BE1D-5E61B71C223B}"
EndProject
Project("{2150E333-8FDC-42A3-9474-1A3956D46DE8}") = "Resources", "Resources", "{EA2DBB93-9010-44A6-B1E2-5F1B212A36E2}"
EndProject
Project("{2150E333-8FDC-42A3-9474-1A3956D46DE8}") = "Music", "Music", "{AA65673C-8C11-41E1-85C4-CC4A7F177220}"
EndProject
Project("{2150E333-8FDC-42A3-9474-1A3956D46DE8}") = "Source", "Source", "{60471C83-B52D-43F1-9FCD-AC1EE25DA0B0}"
	ProjectSection(SolutionItems) = preProject
		Resources\Music\Source\Alone.mscz = Resources\Music\Source\Alone.mscz
		Resources\Music\Source\StrangeMemory.mscz = Resources\Music\Source\StrangeMemory.mscz
	EndProjectSection
EndProject
Project("{2150E333-8FDC-42A3-9474-1A3956D46DE8}") = "Solution Items", "Solution Items", "{BB5CE489-12A8-451F-B1F9-6CC91B676173}"
	ProjectSection(SolutionItems) = preProject
		..\README.md = ..\README.md
	EndProjectSection
EndProject
Project("{2150E333-8FDC-42A3-9474-1A3956D46DE8}") = "Images", "Images", "{CFBC8F69-D730-484E-A33E-14803C50167B}"
EndProject
Project("{2150E333-8FDC-42A3-9474-1A3956D46DE8}") = "Source", "Source", "{32F41432-DFEE-439F-9AB6-73FE2256BAC9}"
	ProjectSection(SolutionItems) = preProject
		Resources\Images\Source\L.psd = Resources\Images\Source\L.psd
		Resources\Images\Source\L.sai = Resources\Images\Source\L.sai
	EndProjectSection
EndProject
Project("{2150E333-8FDC-42A3-9474-1A3956D46DE8}") = "Output", "Output", "{319E5386-DED0-425D-9328-200B659D266D}"
	ProjectSection(SolutionItems) = preProject
		Resources\Images\Output\DLaboratory.jpg = Resources\Images\Output\DLaboratory.jpg
		Resources\Images\Output\Ingsoc.svg = Resources\Images\Output\Ingsoc.svg
		Resources\Images\Output\L.png = Resources\Images\Output\L.png
		Resources\Images\Output\SCP.svg = Resources\Images\Output\SCP.svg
		Resources\Images\Output\TankMan.jpg = Resources\Images\Output\TankMan.jpg
		Resources\Images\Output\禁止发本图片.jpg = Resources\Images\Output\禁止发本图片.jpg
	EndProjectSection
EndProject
Project("{2150E333-8FDC-42A3-9474-1A3956D46DE8}") = "Sockets", "Sockets", "{F556FEB0-A3F8-4642-83F0-7CBBD51D3D16}"
EndProject
Project("{2150E333-8FDC-42A3-9474-1A3956D46DE8}") = "Games", "Games", "{92637B8F-9839-4589-8267-A730B303A094}"
EndProject
Project("{2150E333-8FDC-42A3-9474-1A3956D46DE8}") = "Console", "Console", "{08CAABC3-1AE4-4AD3-9B83-66BFEC63FEB8}"
EndProject
Project("{2150E333-8FDC-42A3-9474-1A3956D46DE8}") = "Universal", "Universal", "{D905D184-92F1-4F4D-B534-CCA9F8E4C2C4}"
EndProject
Project("{2150E333-8FDC-42A3-9474-1A3956D46DE8}") = "Services", "Services", "{3824A950-0B19-4EB0-861B-6939289FCA78}"
EndProject
Project("{2150E333-8FDC-42A3-9474-1A3956D46DE8}") = "BuildingTypeDesigner", "BuildingTypeDesigner", "{C251F307-7DC7-4A8E-A13F-A5E7C783BC44}"
EndProject
Project("{2150E333-8FDC-42A3-9474-1A3956D46DE8}") = "MapDesigner", "MapDesigner", "{C85AA8A0-B528-4735-A46E-09C5A6ADB87D}"
EndProject
Project("{2150E333-8FDC-42A3-9474-1A3956D46DE8}") = "Universal", "Universal", "{703B47BA-8013-40BF-9D22-1B22AB1317F6}"
EndProject
Project("{2150E333-8FDC-42A3-9474-1A3956D46DE8}") = "Directories", "Directories", "{B9C3485D-F3D8-43B4-9120-C16A122984C4}"
EndProject
Project("{9A19103F-16F7-4668-BE54-9A1E7A4F7556}") = "GameLogic", "Logics\GameLogic\GameLogic.csproj", "{81DE48A0-5B86-4C50-9467-83112F842FA3}"
EndProject
Project("{2150E333-8FDC-42A3-9474-1A3956D46DE8}") = "Universal", "Universal", "{2326F63D-9E52-4034-89A1-F4A752C7B3BC}"
EndProject
Project("{2150E333-8FDC-42A3-9474-1A3956D46DE8}") = "MapRenderers", "MapRenderers", "{8FDCD99D-CAE9-4C99-ACB8-9DD5C0F6D9B0}"
EndProject
Project("{2150E333-8FDC-42A3-9474-1A3956D46DE8}") = "MapRenderers", "MapRenderers", "{59589554-544F-4A5B-93AE-55A97FCD4A1B}"
EndProject
Project("{2150E333-8FDC-42A3-9474-1A3956D46DE8}") = "Tests", "Tests", "{91DE3BF8-AAB3-45F3-B76B-715BD7ABE81E}"
EndProject
Project("{2150E333-8FDC-42A3-9474-1A3956D46DE8}") = "Tests", "Tests", "{6A0964D3-32CA-494B-8666-CCC560FBFB1E}"
EndProject
Project("{2150E333-8FDC-42A3-9474-1A3956D46DE8}") = "Tests", "Tests", "{C1091C55-2BA4-405A-92C4-09983C2A5EB5}"
EndProject
Project("{2150E333-8FDC-42A3-9474-1A3956D46DE8}") = "Tests", "Tests", "{2DFED67B-6199-474C-8376-611F038C1B7E}"
EndProject
Project("{2150E333-8FDC-42A3-9474-1A3956D46DE8}") = "Tests", "Tests", "{414A8E02-B1BE-40FF-8F46-29AA9C4EF2D6}"
EndProject
Project("{2150E333-8FDC-42A3-9474-1A3956D46DE8}") = "Tests", "Tests", "{F390320C-0A6E-4368-9272-9501A482A331}"
EndProject
Project("{2150E333-8FDC-42A3-9474-1A3956D46DE8}") = "Wpf", "Wpf", "{7DD8A9E3-CEF4-4048-A4CB-478CD38D62C7}"
EndProject
Project("{2150E333-8FDC-42A3-9474-1A3956D46DE8}") = "Wpf", "Wpf", "{BA03B8C3-4944-41A3-8EBC-CB938ECD5C6B}"
EndProject
Project("{2150E333-8FDC-42A3-9474-1A3956D46DE8}") = "Wpf", "Wpf", "{D4A88817-2950-47C2-9397-A37331711116}"
EndProject
Project("{9A19103F-16F7-4668-BE54-9A1E7A4F7556}") = "CharacterMapRenderers", "Apps\Console\MapRenderers\CharacterMapRenderers\CharacterMapRenderers.csproj", "{6AEF668C-05CC-4290-A6AA-F975071DCC60}"
EndProject
Project("{9A19103F-16F7-4668-BE54-9A1E7A4F7556}") = "FoggyMapRenderers", "Apps\Console\MapRenderers\FoggyMapRenderers\FoggyMapRenderers.csproj", "{73930665-BDB3-491C-AB92-59A8D9F09153}"
EndProject
Project("{9A19103F-16F7-4668-BE54-9A1E7A4F7556}") = "CharacterMapRenderersUnitTest", "Apps\Console\MapRenderers\Tests\CharacterMapRenderersUnitTest\CharacterMapRenderersUnitTest.csproj", "{98411C0E-D077-4B4B-951D-9C3A7A4D0932}"
EndProject
Project("{9A19103F-16F7-4668-BE54-9A1E7A4F7556}") = "Richman4LConsole", "Apps\Console\Richman4LConsole\Richman4LConsole.csproj", "{56062FD1-D88C-4846-89E0-9D78EBCD39DA}"
EndProject
Project("{FAE04EC0-301F-11D3-BF4B-00C04F79EFBC}") = "Richman4LUni", "Apps\Universal\Richman4LUni\Richman4LUni.csproj", "{EDE6C6E9-FB2A-445D-B5E9-DC3CD6CE7828}"
EndProject
Project("{FAE04EC0-301F-11D3-BF4B-00C04F79EFBC}") = "Richman4LUniUnitTest", "Apps\Universal\Tests\Richman4LUniUnitTest\Richman4LUniUnitTest.csproj", "{AA0095EF-91B1-44C9-9F70-D768D6CB34EA}"
EndProject
Project("{FAE04EC0-301F-11D3-BF4B-00C04F79EFBC}") = "XamlMapRenderers", "Apps\Universal\MapRenderers\UniversalMapRenderers\XamlMapRenderers.csproj", "{73B80FC0-34F1-429E-86A6-8F63451E53E8}"
EndProject
Project("{FAE04EC0-301F-11D3-BF4B-00C04F79EFBC}") = "Richman4LWpf", "Apps\Wpf\Richman4LWpf\Richman4LWpf.csproj", "{A1375CE4-BD46-4DB6-A10A-CDDA66470601}"
EndProject
Project("{9A19103F-16F7-4668-BE54-9A1E7A4F7556}") = "DirectoryServer", "Services\Directories\DirectoryServer\DirectoryServer.csproj", "{11D895C1-3E2F-4789-997D-E402B8DE0A12}"
EndProject
Project("{9A19103F-16F7-4668-BE54-9A1E7A4F7556}") = "GameServer", "Services\Games\GameServer\GameServer.csproj", "{198B9486-05B9-4A04-9F8F-9DF3610439A3}"
EndProject
Project("{9A19103F-16F7-4668-BE54-9A1E7A4F7556}") = "RemoteClients", "Sockets\RemoteClients\RemoteClients.csproj", "{2A749C22-8C59-470F-ACD7-3DF28EEA4F44}"
EndProject
Project("{FAE04EC0-301F-11D3-BF4B-00C04F79EFBC}") = "BuildingTypeDesigner", "Tools\BuildingTypeDesigner\Wpf\WpfBuildingTypeDesigner\BuildingTypeDesigner.csproj", "{38A9075E-B827-4D8B-BD53-DA9F3FBCDC5F}"
EndProject
Project("{FAE04EC0-301F-11D3-BF4B-00C04F79EFBC}") = "MapDesigner", "Tools\MapDesigner\Universal\MapDesigner.csproj", "{F1F9C2BC-05A9-48B4-9730-4E0C94F372DF}"
EndProject
Project("{9A19103F-16F7-4668-BE54-9A1E7A4F7556}") = "GameLogicUnitTest", "Logics\Tests\GameLogicUnitTest\GameLogicUnitTest.csproj", "{B7241DE2-30D3-4E2A-B750-99F7A52B0CA4}"
EndProject
Global
	GlobalSection(SolutionConfigurationPlatforms) = preSolution
		Debug|Any CPU = Debug|Any CPU
		Debug|ARM = Debug|ARM
		Debug|x64 = Debug|x64
		Debug|x86 = Debug|x86
		Release|Any CPU = Release|Any CPU
		Release|ARM = Release|ARM
		Release|x64 = Release|x64
		Release|x86 = Release|x86
	EndGlobalSection
	GlobalSection(ProjectConfigurationPlatforms) = postSolution
		{81DE48A0-5B86-4C50-9467-83112F842FA3}.Debug|Any CPU.ActiveCfg = Debug|Any CPU
		{81DE48A0-5B86-4C50-9467-83112F842FA3}.Debug|Any CPU.Build.0 = Debug|Any CPU
		{81DE48A0-5B86-4C50-9467-83112F842FA3}.Debug|ARM.ActiveCfg = Debug|Any CPU
		{81DE48A0-5B86-4C50-9467-83112F842FA3}.Debug|ARM.Build.0 = Debug|Any CPU
		{81DE48A0-5B86-4C50-9467-83112F842FA3}.Debug|x64.ActiveCfg = Debug|Any CPU
		{81DE48A0-5B86-4C50-9467-83112F842FA3}.Debug|x64.Build.0 = Debug|Any CPU
		{81DE48A0-5B86-4C50-9467-83112F842FA3}.Debug|x86.ActiveCfg = Debug|Any CPU
		{81DE48A0-5B86-4C50-9467-83112F842FA3}.Debug|x86.Build.0 = Debug|Any CPU
		{81DE48A0-5B86-4C50-9467-83112F842FA3}.Release|Any CPU.ActiveCfg = Release|Any CPU
		{81DE48A0-5B86-4C50-9467-83112F842FA3}.Release|Any CPU.Build.0 = Release|Any CPU
		{81DE48A0-5B86-4C50-9467-83112F842FA3}.Release|ARM.ActiveCfg = Release|Any CPU
		{81DE48A0-5B86-4C50-9467-83112F842FA3}.Release|ARM.Build.0 = Release|Any CPU
		{81DE48A0-5B86-4C50-9467-83112F842FA3}.Release|x64.ActiveCfg = Release|Any CPU
		{81DE48A0-5B86-4C50-9467-83112F842FA3}.Release|x64.Build.0 = Release|Any CPU
		{81DE48A0-5B86-4C50-9467-83112F842FA3}.Release|x86.ActiveCfg = Release|Any CPU
		{81DE48A0-5B86-4C50-9467-83112F842FA3}.Release|x86.Build.0 = Release|Any CPU
		{6AEF668C-05CC-4290-A6AA-F975071DCC60}.Debug|Any CPU.ActiveCfg = Debug|Any CPU
		{6AEF668C-05CC-4290-A6AA-F975071DCC60}.Debug|Any CPU.Build.0 = Debug|Any CPU
		{6AEF668C-05CC-4290-A6AA-F975071DCC60}.Debug|ARM.ActiveCfg = Debug|Any CPU
		{6AEF668C-05CC-4290-A6AA-F975071DCC60}.Debug|ARM.Build.0 = Debug|Any CPU
		{6AEF668C-05CC-4290-A6AA-F975071DCC60}.Debug|x64.ActiveCfg = Debug|Any CPU
		{6AEF668C-05CC-4290-A6AA-F975071DCC60}.Debug|x64.Build.0 = Debug|Any CPU
		{6AEF668C-05CC-4290-A6AA-F975071DCC60}.Debug|x86.ActiveCfg = Debug|Any CPU
		{6AEF668C-05CC-4290-A6AA-F975071DCC60}.Debug|x86.Build.0 = Debug|Any CPU
		{6AEF668C-05CC-4290-A6AA-F975071DCC60}.Release|Any CPU.ActiveCfg = Release|Any CPU
		{6AEF668C-05CC-4290-A6AA-F975071DCC60}.Release|Any CPU.Build.0 = Release|Any CPU
		{6AEF668C-05CC-4290-A6AA-F975071DCC60}.Release|ARM.ActiveCfg = Release|Any CPU
		{6AEF668C-05CC-4290-A6AA-F975071DCC60}.Release|ARM.Build.0 = Release|Any CPU
		{6AEF668C-05CC-4290-A6AA-F975071DCC60}.Release|x64.ActiveCfg = Release|Any CPU
		{6AEF668C-05CC-4290-A6AA-F975071DCC60}.Release|x64.Build.0 = Release|Any CPU
		{6AEF668C-05CC-4290-A6AA-F975071DCC60}.Release|x86.ActiveCfg = Release|Any CPU
		{6AEF668C-05CC-4290-A6AA-F975071DCC60}.Release|x86.Build.0 = Release|Any CPU
		{73930665-BDB3-491C-AB92-59A8D9F09153}.Debug|Any CPU.ActiveCfg = Debug|Any CPU
		{73930665-BDB3-491C-AB92-59A8D9F09153}.Debug|Any CPU.Build.0 = Debug|Any CPU
		{73930665-BDB3-491C-AB92-59A8D9F09153}.Debug|ARM.ActiveCfg = Debug|Any CPU
		{73930665-BDB3-491C-AB92-59A8D9F09153}.Debug|ARM.Build.0 = Debug|Any CPU
		{73930665-BDB3-491C-AB92-59A8D9F09153}.Debug|x64.ActiveCfg = Debug|Any CPU
		{73930665-BDB3-491C-AB92-59A8D9F09153}.Debug|x64.Build.0 = Debug|Any CPU
		{73930665-BDB3-491C-AB92-59A8D9F09153}.Debug|x86.ActiveCfg = Debug|Any CPU
		{73930665-BDB3-491C-AB92-59A8D9F09153}.Debug|x86.Build.0 = Debug|Any CPU
		{73930665-BDB3-491C-AB92-59A8D9F09153}.Release|Any CPU.ActiveCfg = Release|Any CPU
		{73930665-BDB3-491C-AB92-59A8D9F09153}.Release|Any CPU.Build.0 = Release|Any CPU
		{73930665-BDB3-491C-AB92-59A8D9F09153}.Release|ARM.ActiveCfg = Release|Any CPU
		{73930665-BDB3-491C-AB92-59A8D9F09153}.Release|ARM.Build.0 = Release|Any CPU
		{73930665-BDB3-491C-AB92-59A8D9F09153}.Release|x64.ActiveCfg = Release|Any CPU
		{73930665-BDB3-491C-AB92-59A8D9F09153}.Release|x64.Build.0 = Release|Any CPU
		{73930665-BDB3-491C-AB92-59A8D9F09153}.Release|x86.ActiveCfg = Release|Any CPU
		{73930665-BDB3-491C-AB92-59A8D9F09153}.Release|x86.Build.0 = Release|Any CPU
		{98411C0E-D077-4B4B-951D-9C3A7A4D0932}.Debug|Any CPU.ActiveCfg = Debug|Any CPU
		{98411C0E-D077-4B4B-951D-9C3A7A4D0932}.Debug|Any CPU.Build.0 = Debug|Any CPU
		{98411C0E-D077-4B4B-951D-9C3A7A4D0932}.Debug|ARM.ActiveCfg = Debug|Any CPU
		{98411C0E-D077-4B4B-951D-9C3A7A4D0932}.Debug|ARM.Build.0 = Debug|Any CPU
		{98411C0E-D077-4B4B-951D-9C3A7A4D0932}.Debug|x64.ActiveCfg = Debug|Any CPU
		{98411C0E-D077-4B4B-951D-9C3A7A4D0932}.Debug|x64.Build.0 = Debug|Any CPU
		{98411C0E-D077-4B4B-951D-9C3A7A4D0932}.Debug|x86.ActiveCfg = Debug|Any CPU
		{98411C0E-D077-4B4B-951D-9C3A7A4D0932}.Debug|x86.Build.0 = Debug|Any CPU
		{98411C0E-D077-4B4B-951D-9C3A7A4D0932}.Release|Any CPU.ActiveCfg = Release|Any CPU
		{98411C0E-D077-4B4B-951D-9C3A7A4D0932}.Release|Any CPU.Build.0 = Release|Any CPU
		{98411C0E-D077-4B4B-951D-9C3A7A4D0932}.Release|ARM.ActiveCfg = Release|Any CPU
		{98411C0E-D077-4B4B-951D-9C3A7A4D0932}.Release|ARM.Build.0 = Release|Any CPU
		{98411C0E-D077-4B4B-951D-9C3A7A4D0932}.Release|x64.ActiveCfg = Release|Any CPU
		{98411C0E-D077-4B4B-951D-9C3A7A4D0932}.Release|x64.Build.0 = Release|Any CPU
		{98411C0E-D077-4B4B-951D-9C3A7A4D0932}.Release|x86.ActiveCfg = Release|Any CPU
		{98411C0E-D077-4B4B-951D-9C3A7A4D0932}.Release|x86.Build.0 = Release|Any CPU
		{56062FD1-D88C-4846-89E0-9D78EBCD39DA}.Debug|Any CPU.ActiveCfg = Debug|Any CPU
		{56062FD1-D88C-4846-89E0-9D78EBCD39DA}.Debug|Any CPU.Build.0 = Debug|Any CPU
		{56062FD1-D88C-4846-89E0-9D78EBCD39DA}.Debug|ARM.ActiveCfg = Debug|Any CPU
		{56062FD1-D88C-4846-89E0-9D78EBCD39DA}.Debug|ARM.Build.0 = Debug|Any CPU
		{56062FD1-D88C-4846-89E0-9D78EBCD39DA}.Debug|x64.ActiveCfg = Debug|Any CPU
		{56062FD1-D88C-4846-89E0-9D78EBCD39DA}.Debug|x64.Build.0 = Debug|Any CPU
		{56062FD1-D88C-4846-89E0-9D78EBCD39DA}.Debug|x86.ActiveCfg = Debug|Any CPU
		{56062FD1-D88C-4846-89E0-9D78EBCD39DA}.Debug|x86.Build.0 = Debug|Any CPU
		{56062FD1-D88C-4846-89E0-9D78EBCD39DA}.Release|Any CPU.ActiveCfg = Release|Any CPU
		{56062FD1-D88C-4846-89E0-9D78EBCD39DA}.Release|Any CPU.Build.0 = Release|Any CPU
		{56062FD1-D88C-4846-89E0-9D78EBCD39DA}.Release|ARM.ActiveCfg = Release|Any CPU
		{56062FD1-D88C-4846-89E0-9D78EBCD39DA}.Release|ARM.Build.0 = Release|Any CPU
		{56062FD1-D88C-4846-89E0-9D78EBCD39DA}.Release|x64.ActiveCfg = Release|Any CPU
		{56062FD1-D88C-4846-89E0-9D78EBCD39DA}.Release|x64.Build.0 = Release|Any CPU
		{56062FD1-D88C-4846-89E0-9D78EBCD39DA}.Release|x86.ActiveCfg = Release|Any CPU
		{56062FD1-D88C-4846-89E0-9D78EBCD39DA}.Release|x86.Build.0 = Release|Any CPU
		{EDE6C6E9-FB2A-445D-B5E9-DC3CD6CE7828}.Debug|Any CPU.ActiveCfg = Debug|Any CPU
		{EDE6C6E9-FB2A-445D-B5E9-DC3CD6CE7828}.Debug|Any CPU.Build.0 = Debug|Any CPU
		{EDE6C6E9-FB2A-445D-B5E9-DC3CD6CE7828}.Debug|Any CPU.Deploy.0 = Debug|Any CPU
		{EDE6C6E9-FB2A-445D-B5E9-DC3CD6CE7828}.Debug|ARM.ActiveCfg = Debug|ARM
		{EDE6C6E9-FB2A-445D-B5E9-DC3CD6CE7828}.Debug|ARM.Build.0 = Debug|ARM
		{EDE6C6E9-FB2A-445D-B5E9-DC3CD6CE7828}.Debug|ARM.Deploy.0 = Debug|ARM
		{EDE6C6E9-FB2A-445D-B5E9-DC3CD6CE7828}.Debug|x64.ActiveCfg = Debug|x64
		{EDE6C6E9-FB2A-445D-B5E9-DC3CD6CE7828}.Debug|x64.Build.0 = Debug|x64
		{EDE6C6E9-FB2A-445D-B5E9-DC3CD6CE7828}.Debug|x64.Deploy.0 = Debug|x64
		{EDE6C6E9-FB2A-445D-B5E9-DC3CD6CE7828}.Debug|x86.ActiveCfg = Debug|x86
		{EDE6C6E9-FB2A-445D-B5E9-DC3CD6CE7828}.Debug|x86.Build.0 = Debug|x86
		{EDE6C6E9-FB2A-445D-B5E9-DC3CD6CE7828}.Debug|x86.Deploy.0 = Debug|x86
		{EDE6C6E9-FB2A-445D-B5E9-DC3CD6CE7828}.Release|Any CPU.ActiveCfg = Release|Any CPU
		{EDE6C6E9-FB2A-445D-B5E9-DC3CD6CE7828}.Release|Any CPU.Build.0 = Release|Any CPU
		{EDE6C6E9-FB2A-445D-B5E9-DC3CD6CE7828}.Release|Any CPU.Deploy.0 = Release|Any CPU
		{EDE6C6E9-FB2A-445D-B5E9-DC3CD6CE7828}.Release|ARM.ActiveCfg = Release|ARM
		{EDE6C6E9-FB2A-445D-B5E9-DC3CD6CE7828}.Release|ARM.Build.0 = Release|ARM
		{EDE6C6E9-FB2A-445D-B5E9-DC3CD6CE7828}.Release|ARM.Deploy.0 = Release|ARM
		{EDE6C6E9-FB2A-445D-B5E9-DC3CD6CE7828}.Release|x64.ActiveCfg = Release|x64
		{EDE6C6E9-FB2A-445D-B5E9-DC3CD6CE7828}.Release|x64.Build.0 = Release|x64
		{EDE6C6E9-FB2A-445D-B5E9-DC3CD6CE7828}.Release|x64.Deploy.0 = Release|x64
		{EDE6C6E9-FB2A-445D-B5E9-DC3CD6CE7828}.Release|x86.ActiveCfg = Release|x86
		{EDE6C6E9-FB2A-445D-B5E9-DC3CD6CE7828}.Release|x86.Build.0 = Release|x86
		{EDE6C6E9-FB2A-445D-B5E9-DC3CD6CE7828}.Release|x86.Deploy.0 = Release|x86
		{AA0095EF-91B1-44C9-9F70-D768D6CB34EA}.Debug|Any CPU.ActiveCfg = Debug|x86
		{AA0095EF-91B1-44C9-9F70-D768D6CB34EA}.Debug|ARM.ActiveCfg = Debug|ARM
		{AA0095EF-91B1-44C9-9F70-D768D6CB34EA}.Debug|ARM.Build.0 = Debug|ARM
		{AA0095EF-91B1-44C9-9F70-D768D6CB34EA}.Debug|ARM.Deploy.0 = Debug|ARM
		{AA0095EF-91B1-44C9-9F70-D768D6CB34EA}.Debug|x64.ActiveCfg = Debug|x64
		{AA0095EF-91B1-44C9-9F70-D768D6CB34EA}.Debug|x64.Build.0 = Debug|x64
		{AA0095EF-91B1-44C9-9F70-D768D6CB34EA}.Debug|x64.Deploy.0 = Debug|x64
		{AA0095EF-91B1-44C9-9F70-D768D6CB34EA}.Debug|x86.ActiveCfg = Debug|x86
		{AA0095EF-91B1-44C9-9F70-D768D6CB34EA}.Debug|x86.Build.0 = Debug|x86
		{AA0095EF-91B1-44C9-9F70-D768D6CB34EA}.Debug|x86.Deploy.0 = Debug|x86
		{AA0095EF-91B1-44C9-9F70-D768D6CB34EA}.Release|Any CPU.ActiveCfg = Release|x86
		{AA0095EF-91B1-44C9-9F70-D768D6CB34EA}.Release|ARM.ActiveCfg = Release|ARM
		{AA0095EF-91B1-44C9-9F70-D768D6CB34EA}.Release|ARM.Build.0 = Release|ARM
		{AA0095EF-91B1-44C9-9F70-D768D6CB34EA}.Release|ARM.Deploy.0 = Release|ARM
		{AA0095EF-91B1-44C9-9F70-D768D6CB34EA}.Release|x64.ActiveCfg = Release|x64
		{AA0095EF-91B1-44C9-9F70-D768D6CB34EA}.Release|x64.Build.0 = Release|x64
		{AA0095EF-91B1-44C9-9F70-D768D6CB34EA}.Release|x64.Deploy.0 = Release|x64
		{AA0095EF-91B1-44C9-9F70-D768D6CB34EA}.Release|x86.ActiveCfg = Release|x86
		{AA0095EF-91B1-44C9-9F70-D768D6CB34EA}.Release|x86.Build.0 = Release|x86
		{AA0095EF-91B1-44C9-9F70-D768D6CB34EA}.Release|x86.Deploy.0 = Release|x86
		{73B80FC0-34F1-429E-86A6-8F63451E53E8}.Debug|Any CPU.ActiveCfg = Debug|Any CPU
		{73B80FC0-34F1-429E-86A6-8F63451E53E8}.Debug|Any CPU.Build.0 = Debug|Any CPU
		{73B80FC0-34F1-429E-86A6-8F63451E53E8}.Debug|ARM.ActiveCfg = Debug|ARM
		{73B80FC0-34F1-429E-86A6-8F63451E53E8}.Debug|ARM.Build.0 = Debug|ARM
		{73B80FC0-34F1-429E-86A6-8F63451E53E8}.Debug|x64.ActiveCfg = Debug|x64
		{73B80FC0-34F1-429E-86A6-8F63451E53E8}.Debug|x64.Build.0 = Debug|x64
		{73B80FC0-34F1-429E-86A6-8F63451E53E8}.Debug|x86.ActiveCfg = Debug|x86
		{73B80FC0-34F1-429E-86A6-8F63451E53E8}.Debug|x86.Build.0 = Debug|x86
		{73B80FC0-34F1-429E-86A6-8F63451E53E8}.Release|Any CPU.ActiveCfg = Release|Any CPU
		{73B80FC0-34F1-429E-86A6-8F63451E53E8}.Release|Any CPU.Build.0 = Release|Any CPU
		{73B80FC0-34F1-429E-86A6-8F63451E53E8}.Release|ARM.ActiveCfg = Release|ARM
		{73B80FC0-34F1-429E-86A6-8F63451E53E8}.Release|ARM.Build.0 = Release|ARM
		{73B80FC0-34F1-429E-86A6-8F63451E53E8}.Release|x64.ActiveCfg = Release|x64
		{73B80FC0-34F1-429E-86A6-8F63451E53E8}.Release|x64.Build.0 = Release|x64
		{73B80FC0-34F1-429E-86A6-8F63451E53E8}.Release|x86.ActiveCfg = Release|x86
		{73B80FC0-34F1-429E-86A6-8F63451E53E8}.Release|x86.Build.0 = Release|x86
		{A1375CE4-BD46-4DB6-A10A-CDDA66470601}.Debug|Any CPU.ActiveCfg = Debug|Any CPU
		{A1375CE4-BD46-4DB6-A10A-CDDA66470601}.Debug|Any CPU.Build.0 = Debug|Any CPU
		{A1375CE4-BD46-4DB6-A10A-CDDA66470601}.Debug|ARM.ActiveCfg = Debug|Any CPU
		{A1375CE4-BD46-4DB6-A10A-CDDA66470601}.Debug|ARM.Build.0 = Debug|Any CPU
		{A1375CE4-BD46-4DB6-A10A-CDDA66470601}.Debug|x64.ActiveCfg = Debug|Any CPU
		{A1375CE4-BD46-4DB6-A10A-CDDA66470601}.Debug|x64.Build.0 = Debug|Any CPU
		{A1375CE4-BD46-4DB6-A10A-CDDA66470601}.Debug|x86.ActiveCfg = Debug|Any CPU
		{A1375CE4-BD46-4DB6-A10A-CDDA66470601}.Debug|x86.Build.0 = Debug|Any CPU
		{A1375CE4-BD46-4DB6-A10A-CDDA66470601}.Release|Any CPU.ActiveCfg = Release|Any CPU
		{A1375CE4-BD46-4DB6-A10A-CDDA66470601}.Release|Any CPU.Build.0 = Release|Any CPU
		{A1375CE4-BD46-4DB6-A10A-CDDA66470601}.Release|ARM.ActiveCfg = Release|Any CPU
		{A1375CE4-BD46-4DB6-A10A-CDDA66470601}.Release|ARM.Build.0 = Release|Any CPU
		{A1375CE4-BD46-4DB6-A10A-CDDA66470601}.Release|x64.ActiveCfg = Release|Any CPU
		{A1375CE4-BD46-4DB6-A10A-CDDA66470601}.Release|x64.Build.0 = Release|Any CPU
		{A1375CE4-BD46-4DB6-A10A-CDDA66470601}.Release|x86.ActiveCfg = Release|Any CPU
		{A1375CE4-BD46-4DB6-A10A-CDDA66470601}.Release|x86.Build.0 = Release|Any CPU
		{11D895C1-3E2F-4789-997D-E402B8DE0A12}.Debug|Any CPU.ActiveCfg = Debug|Any CPU
		{11D895C1-3E2F-4789-997D-E402B8DE0A12}.Debug|Any CPU.Build.0 = Debug|Any CPU
		{11D895C1-3E2F-4789-997D-E402B8DE0A12}.Debug|ARM.ActiveCfg = Debug|Any CPU
		{11D895C1-3E2F-4789-997D-E402B8DE0A12}.Debug|ARM.Build.0 = Debug|Any CPU
		{11D895C1-3E2F-4789-997D-E402B8DE0A12}.Debug|x64.ActiveCfg = Debug|Any CPU
		{11D895C1-3E2F-4789-997D-E402B8DE0A12}.Debug|x64.Build.0 = Debug|Any CPU
		{11D895C1-3E2F-4789-997D-E402B8DE0A12}.Debug|x86.ActiveCfg = Debug|Any CPU
		{11D895C1-3E2F-4789-997D-E402B8DE0A12}.Debug|x86.Build.0 = Debug|Any CPU
		{11D895C1-3E2F-4789-997D-E402B8DE0A12}.Release|Any CPU.ActiveCfg = Release|Any CPU
		{11D895C1-3E2F-4789-997D-E402B8DE0A12}.Release|Any CPU.Build.0 = Release|Any CPU
		{11D895C1-3E2F-4789-997D-E402B8DE0A12}.Release|ARM.ActiveCfg = Release|Any CPU
		{11D895C1-3E2F-4789-997D-E402B8DE0A12}.Release|ARM.Build.0 = Release|Any CPU
		{11D895C1-3E2F-4789-997D-E402B8DE0A12}.Release|x64.ActiveCfg = Release|Any CPU
		{11D895C1-3E2F-4789-997D-E402B8DE0A12}.Release|x64.Build.0 = Release|Any CPU
		{11D895C1-3E2F-4789-997D-E402B8DE0A12}.Release|x86.ActiveCfg = Release|Any CPU
		{11D895C1-3E2F-4789-997D-E402B8DE0A12}.Release|x86.Build.0 = Release|Any CPU
		{198B9486-05B9-4A04-9F8F-9DF3610439A3}.Debug|Any CPU.ActiveCfg = Debug|Any CPU
		{198B9486-05B9-4A04-9F8F-9DF3610439A3}.Debug|Any CPU.Build.0 = Debug|Any CPU
		{198B9486-05B9-4A04-9F8F-9DF3610439A3}.Debug|ARM.ActiveCfg = Debug|Any CPU
		{198B9486-05B9-4A04-9F8F-9DF3610439A3}.Debug|ARM.Build.0 = Debug|Any CPU
		{198B9486-05B9-4A04-9F8F-9DF3610439A3}.Debug|x64.ActiveCfg = Debug|Any CPU
		{198B9486-05B9-4A04-9F8F-9DF3610439A3}.Debug|x64.Build.0 = Debug|Any CPU
		{198B9486-05B9-4A04-9F8F-9DF3610439A3}.Debug|x86.ActiveCfg = Debug|Any CPU
		{198B9486-05B9-4A04-9F8F-9DF3610439A3}.Debug|x86.Build.0 = Debug|Any CPU
		{198B9486-05B9-4A04-9F8F-9DF3610439A3}.Release|Any CPU.ActiveCfg = Release|Any CPU
		{198B9486-05B9-4A04-9F8F-9DF3610439A3}.Release|Any CPU.Build.0 = Release|Any CPU
		{198B9486-05B9-4A04-9F8F-9DF3610439A3}.Release|ARM.ActiveCfg = Release|Any CPU
		{198B9486-05B9-4A04-9F8F-9DF3610439A3}.Release|ARM.Build.0 = Release|Any CPU
		{198B9486-05B9-4A04-9F8F-9DF3610439A3}.Release|x64.ActiveCfg = Release|Any CPU
		{198B9486-05B9-4A04-9F8F-9DF3610439A3}.Release|x64.Build.0 = Release|Any CPU
		{198B9486-05B9-4A04-9F8F-9DF3610439A3}.Release|x86.ActiveCfg = Release|Any CPU
		{198B9486-05B9-4A04-9F8F-9DF3610439A3}.Release|x86.Build.0 = Release|Any CPU
		{2A749C22-8C59-470F-ACD7-3DF28EEA4F44}.Debug|Any CPU.ActiveCfg = Debug|Any CPU
		{2A749C22-8C59-470F-ACD7-3DF28EEA4F44}.Debug|Any CPU.Build.0 = Debug|Any CPU
		{2A749C22-8C59-470F-ACD7-3DF28EEA4F44}.Debug|ARM.ActiveCfg = Debug|Any CPU
		{2A749C22-8C59-470F-ACD7-3DF28EEA4F44}.Debug|ARM.Build.0 = Debug|Any CPU
		{2A749C22-8C59-470F-ACD7-3DF28EEA4F44}.Debug|x64.ActiveCfg = Debug|Any CPU
		{2A749C22-8C59-470F-ACD7-3DF28EEA4F44}.Debug|x64.Build.0 = Debug|Any CPU
		{2A749C22-8C59-470F-ACD7-3DF28EEA4F44}.Debug|x86.ActiveCfg = Debug|Any CPU
		{2A749C22-8C59-470F-ACD7-3DF28EEA4F44}.Debug|x86.Build.0 = Debug|Any CPU
		{2A749C22-8C59-470F-ACD7-3DF28EEA4F44}.Release|Any CPU.ActiveCfg = Release|Any CPU
		{2A749C22-8C59-470F-ACD7-3DF28EEA4F44}.Release|Any CPU.Build.0 = Release|Any CPU
		{2A749C22-8C59-470F-ACD7-3DF28EEA4F44}.Release|ARM.ActiveCfg = Release|Any CPU
		{2A749C22-8C59-470F-ACD7-3DF28EEA4F44}.Release|ARM.Build.0 = Release|Any CPU
		{2A749C22-8C59-470F-ACD7-3DF28EEA4F44}.Release|x64.ActiveCfg = Release|Any CPU
		{2A749C22-8C59-470F-ACD7-3DF28EEA4F44}.Release|x64.Build.0 = Release|Any CPU
		{2A749C22-8C59-470F-ACD7-3DF28EEA4F44}.Release|x86.ActiveCfg = Release|Any CPU
		{2A749C22-8C59-470F-ACD7-3DF28EEA4F44}.Release|x86.Build.0 = Release|Any CPU
		{38A9075E-B827-4D8B-BD53-DA9F3FBCDC5F}.Debug|Any CPU.ActiveCfg = Debug|Any CPU
		{38A9075E-B827-4D8B-BD53-DA9F3FBCDC5F}.Debug|Any CPU.Build.0 = Debug|Any CPU
		{38A9075E-B827-4D8B-BD53-DA9F3FBCDC5F}.Debug|ARM.ActiveCfg = Debug|Any CPU
		{38A9075E-B827-4D8B-BD53-DA9F3FBCDC5F}.Debug|ARM.Build.0 = Debug|Any CPU
		{38A9075E-B827-4D8B-BD53-DA9F3FBCDC5F}.Debug|x64.ActiveCfg = Debug|Any CPU
		{38A9075E-B827-4D8B-BD53-DA9F3FBCDC5F}.Debug|x64.Build.0 = Debug|Any CPU
		{38A9075E-B827-4D8B-BD53-DA9F3FBCDC5F}.Debug|x86.ActiveCfg = Debug|Any CPU
		{38A9075E-B827-4D8B-BD53-DA9F3FBCDC5F}.Debug|x86.Build.0 = Debug|Any CPU
		{38A9075E-B827-4D8B-BD53-DA9F3FBCDC5F}.Release|Any CPU.ActiveCfg = Release|Any CPU
		{38A9075E-B827-4D8B-BD53-DA9F3FBCDC5F}.Release|Any CPU.Build.0 = Release|Any CPU
		{38A9075E-B827-4D8B-BD53-DA9F3FBCDC5F}.Release|ARM.ActiveCfg = Release|Any CPU
		{38A9075E-B827-4D8B-BD53-DA9F3FBCDC5F}.Release|ARM.Build.0 = Release|Any CPU
		{38A9075E-B827-4D8B-BD53-DA9F3FBCDC5F}.Release|x64.ActiveCfg = Release|Any CPU
		{38A9075E-B827-4D8B-BD53-DA9F3FBCDC5F}.Release|x64.Build.0 = Release|Any CPU
		{38A9075E-B827-4D8B-BD53-DA9F3FBCDC5F}.Release|x86.ActiveCfg = Release|Any CPU
		{38A9075E-B827-4D8B-BD53-DA9F3FBCDC5F}.Release|x86.Build.0 = Release|Any CPU
		{F1F9C2BC-05A9-48B4-9730-4E0C94F372DF}.Debug|Any CPU.ActiveCfg = Debug|x86
		{F1F9C2BC-05A9-48B4-9730-4E0C94F372DF}.Debug|ARM.ActiveCfg = Debug|ARM
		{F1F9C2BC-05A9-48B4-9730-4E0C94F372DF}.Debug|ARM.Build.0 = Debug|ARM
		{F1F9C2BC-05A9-48B4-9730-4E0C94F372DF}.Debug|ARM.Deploy.0 = Debug|ARM
		{F1F9C2BC-05A9-48B4-9730-4E0C94F372DF}.Debug|x64.ActiveCfg = Debug|x64
		{F1F9C2BC-05A9-48B4-9730-4E0C94F372DF}.Debug|x64.Build.0 = Debug|x64
		{F1F9C2BC-05A9-48B4-9730-4E0C94F372DF}.Debug|x64.Deploy.0 = Debug|x64
		{F1F9C2BC-05A9-48B4-9730-4E0C94F372DF}.Debug|x86.ActiveCfg = Debug|x86
		{F1F9C2BC-05A9-48B4-9730-4E0C94F372DF}.Debug|x86.Build.0 = Debug|x86
		{F1F9C2BC-05A9-48B4-9730-4E0C94F372DF}.Debug|x86.Deploy.0 = Debug|x86
		{F1F9C2BC-05A9-48B4-9730-4E0C94F372DF}.Release|Any CPU.ActiveCfg = Release|x86
		{F1F9C2BC-05A9-48B4-9730-4E0C94F372DF}.Release|ARM.ActiveCfg = Release|ARM
		{F1F9C2BC-05A9-48B4-9730-4E0C94F372DF}.Release|ARM.Build.0 = Release|ARM
		{F1F9C2BC-05A9-48B4-9730-4E0C94F372DF}.Release|ARM.Deploy.0 = Release|ARM
		{F1F9C2BC-05A9-48B4-9730-4E0C94F372DF}.Release|x64.ActiveCfg = Release|x64
		{F1F9C2BC-05A9-48B4-9730-4E0C94F372DF}.Release|x64.Build.0 = Release|x64
		{F1F9C2BC-05A9-48B4-9730-4E0C94F372DF}.Release|x64.Deploy.0 = Release|x64
		{F1F9C2BC-05A9-48B4-9730-4E0C94F372DF}.Release|x86.ActiveCfg = Release|x86
		{F1F9C2BC-05A9-48B4-9730-4E0C94F372DF}.Release|x86.Build.0 = Release|x86
		{F1F9C2BC-05A9-48B4-9730-4E0C94F372DF}.Release|x86.Deploy.0 = Release|x86
		{B7241DE2-30D3-4E2A-B750-99F7A52B0CA4}.Debug|Any CPU.ActiveCfg = Debug|Any CPU
		{B7241DE2-30D3-4E2A-B750-99F7A52B0CA4}.Debug|Any CPU.Build.0 = Debug|Any CPU
		{B7241DE2-30D3-4E2A-B750-99F7A52B0CA4}.Debug|ARM.ActiveCfg = Debug|Any CPU
		{B7241DE2-30D3-4E2A-B750-99F7A52B0CA4}.Debug|ARM.Build.0 = Debug|Any CPU
		{B7241DE2-30D3-4E2A-B750-99F7A52B0CA4}.Debug|x64.ActiveCfg = Debug|Any CPU
		{B7241DE2-30D3-4E2A-B750-99F7A52B0CA4}.Debug|x64.Build.0 = Debug|Any CPU
		{B7241DE2-30D3-4E2A-B750-99F7A52B0CA4}.Debug|x86.ActiveCfg = Debug|Any CPU
		{B7241DE2-30D3-4E2A-B750-99F7A52B0CA4}.Debug|x86.Build.0 = Debug|Any CPU
		{B7241DE2-30D3-4E2A-B750-99F7A52B0CA4}.Release|Any CPU.ActiveCfg = Release|Any CPU
		{B7241DE2-30D3-4E2A-B750-99F7A52B0CA4}.Release|Any CPU.Build.0 = Release|Any CPU
		{B7241DE2-30D3-4E2A-B750-99F7A52B0CA4}.Release|ARM.ActiveCfg = Release|Any CPU
		{B7241DE2-30D3-4E2A-B750-99F7A52B0CA4}.Release|ARM.Build.0 = Release|Any CPU
		{B7241DE2-30D3-4E2A-B750-99F7A52B0CA4}.Release|x64.ActiveCfg = Release|Any CPU
		{B7241DE2-30D3-4E2A-B750-99F7A52B0CA4}.Release|x64.Build.0 = Release|Any CPU
		{B7241DE2-30D3-4E2A-B750-99F7A52B0CA4}.Release|x86.ActiveCfg = Release|Any CPU
		{B7241DE2-30D3-4E2A-B750-99F7A52B0CA4}.Release|x86.Build.0 = Release|Any CPU
	EndGlobalSection
	GlobalSection(SolutionProperties) = preSolution
		HideSolutionNode = FALSE
	EndGlobalSection
	GlobalSection(NestedProjects) = preSolution
		{AA65673C-8C11-41E1-85C4-CC4A7F177220} = {EA2DBB93-9010-44A6-B1E2-5F1B212A36E2}
		{60471C83-B52D-43F1-9FCD-AC1EE25DA0B0} = {AA65673C-8C11-41E1-85C4-CC4A7F177220}
		{CFBC8F69-D730-484E-A33E-14803C50167B} = {EA2DBB93-9010-44A6-B1E2-5F1B212A36E2}
		{32F41432-DFEE-439F-9AB6-73FE2256BAC9} = {CFBC8F69-D730-484E-A33E-14803C50167B}
		{319E5386-DED0-425D-9328-200B659D266D} = {CFBC8F69-D730-484E-A33E-14803C50167B}
		{92637B8F-9839-4589-8267-A730B303A094} = {3824A950-0B19-4EB0-861B-6939289FCA78}
		{08CAABC3-1AE4-4AD3-9B83-66BFEC63FEB8} = {6FC8DA3E-DE22-4C74-B70C-39819C441EE0}
		{D905D184-92F1-4F4D-B534-CCA9F8E4C2C4} = {6FC8DA3E-DE22-4C74-B70C-39819C441EE0}
		{C251F307-7DC7-4A8E-A13F-A5E7C783BC44} = {C2D6FD58-68C2-40F4-BE1D-5E61B71C223B}
		{C85AA8A0-B528-4735-A46E-09C5A6ADB87D} = {C2D6FD58-68C2-40F4-BE1D-5E61B71C223B}
		{703B47BA-8013-40BF-9D22-1B22AB1317F6} = {C251F307-7DC7-4A8E-A13F-A5E7C783BC44}
		{B9C3485D-F3D8-43B4-9120-C16A122984C4} = {3824A950-0B19-4EB0-861B-6939289FCA78}
		{81DE48A0-5B86-4C50-9467-83112F842FA3} = {360E191B-B509-4E4A-AAEB-27808A259B60}
		{2326F63D-9E52-4034-89A1-F4A752C7B3BC} = {C85AA8A0-B528-4735-A46E-09C5A6ADB87D}
		{8FDCD99D-CAE9-4C99-ACB8-9DD5C0F6D9B0} = {08CAABC3-1AE4-4AD3-9B83-66BFEC63FEB8}
		{59589554-544F-4A5B-93AE-55A97FCD4A1B} = {D905D184-92F1-4F4D-B534-CCA9F8E4C2C4}
		{91DE3BF8-AAB3-45F3-B76B-715BD7ABE81E} = {D905D184-92F1-4F4D-B534-CCA9F8E4C2C4}
		{6A0964D3-32CA-494B-8666-CCC560FBFB1E} = {08CAABC3-1AE4-4AD3-9B83-66BFEC63FEB8}
		{C1091C55-2BA4-405A-92C4-09983C2A5EB5} = {8FDCD99D-CAE9-4C99-ACB8-9DD5C0F6D9B0}
		{2DFED67B-6199-474C-8376-611F038C1B7E} = {B9C3485D-F3D8-43B4-9120-C16A122984C4}
		{414A8E02-B1BE-40FF-8F46-29AA9C4EF2D6} = {92637B8F-9839-4589-8267-A730B303A094}
		{F390320C-0A6E-4368-9272-9501A482A331} = {360E191B-B509-4E4A-AAEB-27808A259B60}
		{7DD8A9E3-CEF4-4048-A4CB-478CD38D62C7} = {6FC8DA3E-DE22-4C74-B70C-39819C441EE0}
		{BA03B8C3-4944-41A3-8EBC-CB938ECD5C6B} = {C251F307-7DC7-4A8E-A13F-A5E7C783BC44}
		{D4A88817-2950-47C2-9397-A37331711116} = {C85AA8A0-B528-4735-A46E-09C5A6ADB87D}
		{6AEF668C-05CC-4290-A6AA-F975071DCC60} = {8FDCD99D-CAE9-4C99-ACB8-9DD5C0F6D9B0}
		{73930665-BDB3-491C-AB92-59A8D9F09153} = {8FDCD99D-CAE9-4C99-ACB8-9DD5C0F6D9B0}
		{98411C0E-D077-4B4B-951D-9C3A7A4D0932} = {C1091C55-2BA4-405A-92C4-09983C2A5EB5}
		{56062FD1-D88C-4846-89E0-9D78EBCD39DA} = {08CAABC3-1AE4-4AD3-9B83-66BFEC63FEB8}
		{EDE6C6E9-FB2A-445D-B5E9-DC3CD6CE7828} = {D905D184-92F1-4F4D-B534-CCA9F8E4C2C4}
		{AA0095EF-91B1-44C9-9F70-D768D6CB34EA} = {91DE3BF8-AAB3-45F3-B76B-715BD7ABE81E}
		{73B80FC0-34F1-429E-86A6-8F63451E53E8} = {59589554-544F-4A5B-93AE-55A97FCD4A1B}
		{A1375CE4-BD46-4DB6-A10A-CDDA66470601} = {7DD8A9E3-CEF4-4048-A4CB-478CD38D62C7}
		{11D895C1-3E2F-4789-997D-E402B8DE0A12} = {B9C3485D-F3D8-43B4-9120-C16A122984C4}
		{198B9486-05B9-4A04-9F8F-9DF3610439A3} = {92637B8F-9839-4589-8267-A730B303A094}
		{2A749C22-8C59-470F-ACD7-3DF28EEA4F44} = {F556FEB0-A3F8-4642-83F0-7CBBD51D3D16}
		{38A9075E-B827-4D8B-BD53-DA9F3FBCDC5F} = {BA03B8C3-4944-41A3-8EBC-CB938ECD5C6B}
		{F1F9C2BC-05A9-48B4-9730-4E0C94F372DF} = {2326F63D-9E52-4034-89A1-F4A752C7B3BC}
		{B7241DE2-30D3-4E2A-B750-99F7A52B0CA4} = {F390320C-0A6E-4368-9272-9501A482A331}
	EndGlobalSection
	GlobalSection(ExtensibilityGlobals) = postSolution
		SolutionGuid = {1CF95D4E-A6A1-47EB-8BE0-B7874646C54A}
	EndGlobalSection
	GlobalSection(TeamFoundationVersionControl) = preSolution
		SccNumberOfProjects = 16
		SccEnterpriseProvider = {4CA58AB2-18FA-4F8D-95D4-32DDF27D184C}
		SccTeamFoundationServer = https://wenceywang.visualstudio.com/
		SccLocalPath0 = .
		SccProjectUniqueName1 = Logics\\GameLogic\\GameLogic.csproj
		SccProjectTopLevelParentUniqueName1 = Richman4L.sln
		SccProjectName1 = Logics/GameLogic
		SccLocalPath1 = Logics\\GameLogic
		SccProjectUniqueName2 = Apps\\Console\\MapRenderers\\CharacterMapRenderers\\CharacterMapRenderers.csproj
		SccProjectTopLevelParentUniqueName2 = Richman4L.sln
		SccProjectName2 = Apps/Console/MapRenderers/CharacterMapRenderers
		SccLocalPath2 = Apps\\Console\\MapRenderers\\CharacterMapRenderers
		SccProjectUniqueName3 = Apps\\Console\\MapRenderers\\FoggyMapRenderers\\FoggyMapRenderers.csproj
		SccProjectTopLevelParentUniqueName3 = Richman4L.sln
		SccProjectName3 = Apps/Console/MapRenderers/FoggyMapRenderers
		SccLocalPath3 = Apps\\Console\\MapRenderers\\FoggyMapRenderers
		SccProjectUniqueName4 = Apps\\Console\\MapRenderers\\Tests\\CharacterMapRenderersUnitTest\\CharacterMapRenderersUnitTest.csproj
		SccProjectTopLevelParentUniqueName4 = Richman4L.sln
		SccProjectName4 = Apps/Console/MapRenderers/Tests/CharacterMapRenderersUnitTest
		SccLocalPath4 = Apps\\Console\\MapRenderers\\Tests\\CharacterMapRenderersUnitTest
		SccProjectUniqueName5 = Apps\\Console\\Richman4LConsole\\Richman4LConsole.csproj
		SccProjectTopLevelParentUniqueName5 = Richman4L.sln
		SccProjectName5 = Apps/Console/Richman4LConsole
		SccLocalPath5 = Apps\\Console\\Richman4LConsole
		SccProjectUniqueName6 = Apps\\Universal\\Richman4LUni\\Richman4LUni.csproj
		SccProjectTopLevelParentUniqueName6 = Richman4L.sln
		SccProjectName6 = Apps/Universal/Richman4LUni
		SccLocalPath6 = Apps\\Universal\\Richman4LUni
		SccProjectUniqueName7 = Apps\\Universal\\Tests\\Richman4LUniUnitTest\\Richman4LUniUnitTest.csproj
		SccProjectTopLevelParentUniqueName7 = Richman4L.sln
		SccProjectName7 = Apps/Universal/Tests/Richman4LUniUnitTest
		SccLocalPath7 = Apps\\Universal\\Tests\\Richman4LUniUnitTest
		SccProjectUniqueName8 = Apps\\Universal\\MapRenderers\\UniversalMapRenderers\\XamlMapRenderers.csproj
		SccProjectTopLevelParentUniqueName8 = Richman4L.sln
		SccProjectName8 = Apps/Universal/MapRenderers/UniversalMapRenderers
		SccLocalPath8 = Apps\\Universal\\MapRenderers\\UniversalMapRenderers
		SccProjectUniqueName9 = Apps\\Wpf\\Richman4LWpf\\Richman4LWpf.csproj
		SccProjectTopLevelParentUniqueName9 = Richman4L.sln
		SccProjectName9 = Apps/Wpf/Richman4LWpf
		SccLocalPath9 = Apps\\Wpf\\Richman4LWpf
		SccProjectUniqueName10 = Services\\Directories\\DirectoryServer\\DirectoryServer.csproj
		SccProjectTopLevelParentUniqueName10 = Richman4L.sln
		SccProjectName10 = Services/Directories/DirectoryServer
		SccLocalPath10 = Services\\Directories\\DirectoryServer
		SccProjectUniqueName11 = Services\\Games\\GameServer\\GameServer.csproj
		SccProjectTopLevelParentUniqueName11 = Richman4L.sln
		SccProjectName11 = Services/Games/GameServer
		SccLocalPath11 = Services\\Games\\GameServer
		SccProjectUniqueName12 = Sockets\\RemoteClients\\RemoteClients.csproj
		SccProjectTopLevelParentUniqueName12 = Richman4L.sln
		SccProjectName12 = Sockets/RemoteClients
		SccLocalPath12 = Sockets\\RemoteClients
		SccProjectUniqueName13 = Tools\\BuildingTypeDesigner\\Wpf\\WpfBuildingTypeDesigner\\BuildingTypeDesigner.csproj
		SccProjectTopLevelParentUniqueName13 = Richman4L.sln
		SccProjectName13 = Tools/BuildingTypeDesigner/Wpf/WpfBuildingTypeDesigner
		SccLocalPath13 = Tools\\BuildingTypeDesigner\\Wpf\\WpfBuildingTypeDesigner
		SccProjectUniqueName14 = Tools\\MapDesigner\\Universal\\MapDesigner.csproj
		SccProjectTopLevelParentUniqueName14 = Richman4L.sln
		SccProjectName14 = Tools/MapDesigner/Universal
		SccLocalPath14 = Tools\\MapDesigner\\Universal
		SccProjectUniqueName15 = Logics\\Tests\\GameLogicUnitTest\\GameLogicUnitTest.csproj
		SccProjectTopLevelParentUniqueName15 = Richman4L.sln
		SccProjectName15 = Logics/Tests/GameLogicUnitTest
		SccLocalPath15 = Logics\\Tests\\GameLogicUnitTest
	EndGlobalSection
EndGlobal
