
Microsoft Visual Studio Solution File, Format Version 12.00
# Visual Studio 14
VisualStudioVersion = 14.0.25420.1
MinimumVisualStudioVersion = 10.0.40219.1
Project("{2150E333-8FDC-42A3-9474-1A3956D46DE8}") = "Apps", "Apps", "{6FC8DA3E-DE22-4C74-B70C-39819C441EE0}"
EndProject
Project("{2150E333-8FDC-42A3-9474-1A3956D46DE8}") = "Logics", "Logics", "{360E191B-B509-4E4A-AAEB-27808A259B60}"
EndProject
Project("{2150E333-8FDC-42A3-9474-1A3956D46DE8}") = "Tools", "Tools", "{C2D6FD58-68C2-40F4-BE1D-5E61B71C223B}"
EndProject
Project("{FAE04EC0-301F-11D3-BF4B-00C04F79EFBC}") = "GameLogic", "Logics\GameLogic\GameLogic.csproj", "{0DDAAB3A-2358-4BD7-A865-E619446511BE}"
EndProject
Project("{FAE04EC0-301F-11D3-BF4B-00C04F79EFBC}") = "GameLogicUnitTest", "Logics\GameLogicUnitTest\GameLogicUnitTest.csproj", "{BD8D3D87-53A3-43F9-AE31-5951AD747B10}"
EndProject
Project("{FAE04EC0-301F-11D3-BF4B-00C04F79EFBC}") = "Richman4LUni", "Apps\Richman4LUni\Richman4LUni.csproj", "{EDE6C6E9-FB2A-445D-B5E9-DC3CD6CE7828}"
EndProject
Project("{2150E333-8FDC-42A3-9474-1A3956D46DE8}") = "Resources", "Resources", "{EA2DBB93-9010-44A6-B1E2-5F1B212A36E2}"
EndProject
Project("{2150E333-8FDC-42A3-9474-1A3956D46DE8}") = "Music", "Music", "{AA65673C-8C11-41E1-85C4-CC4A7F177220}"
EndProject
Project("{2150E333-8FDC-42A3-9474-1A3956D46DE8}") = "Source", "Source", "{60471C83-B52D-43F1-9FCD-AC1EE25DA0B0}"
	ProjectSection(SolutionItems) = preProject
		Resources\Music\Source\Alone.mscz = Resources\Music\Source\Alone.mscz
		Resources\Music\Source\StrangeMemory.mscz = Resources\Music\Source\StrangeMemory.mscz
	EndProjectSection
EndProject
Project("{FAE04EC0-301F-11D3-BF4B-00C04F79EFBC}") = "Richman4LConsole", "Apps\Richman4LConsole\Richman4LConsole.csproj", "{7F57B1C2-CEE0-41DB-9823-15508EA2FBE6}"
	ProjectSection(ProjectDependencies) = postProject
		{232E460F-DAE6-4578-B3E4-7CC3444DB376} = {232E460F-DAE6-4578-B3E4-7CC3444DB376}
		{A39BFBED-A59F-4C73-8C9D-F182DEE951EB} = {A39BFBED-A59F-4C73-8C9D-F182DEE951EB}
	EndProjectSection
EndProject
Project("{FAE04EC0-301F-11D3-BF4B-00C04F79EFBC}") = "BuildingTypeDesigner", "Tools\BuildingTypeDesigner\BuildingTypeDesigner.csproj", "{38A9075E-B827-4D8B-BD53-DA9F3FBCDC5F}"
EndProject
Project("{2150E333-8FDC-42A3-9474-1A3956D46DE8}") = "ExternalLibrary", "ExternalLibrary", "{24D195B5-C88C-4D45-BDAC-69ED39EE014C}"
	ProjectSection(SolutionItems) = preProject
		ExternalLibrary\readme.md = ExternalLibrary\readme.md
	EndProjectSection
EndProject
Project("{2150E333-8FDC-42A3-9474-1A3956D46DE8}") = "FIGlet.Net", "FIGlet.Net", "{2C764781-1AEA-4659-A132-E29AD990F260}"
EndProject
Project("{FAE04EC0-301F-11D3-BF4B-00C04F79EFBC}") = "FIGlet.Net", "ExternalLibrary\FIGlet.Net\FIGlet.Net\FIGlet.Net.csproj", "{A39BFBED-A59F-4C73-8C9D-F182DEE951EB}"
EndProject
Project("{FAE04EC0-301F-11D3-BF4B-00C04F79EFBC}") = "FIGlet.NetUnitTest", "ExternalLibrary\FIGlet.Net\FIGlet.NetUnitTest\FIGlet.NetUnitTest.csproj", "{4A92DAE7-1C9D-42A5-AEF2-9851A74AD384}"
EndProject
Project("{2150E333-8FDC-42A3-9474-1A3956D46DE8}") = "FoggyConsole", "FoggyConsole", "{080232B8-957F-4593-9778-EBC02A546F76}"
EndProject
Project("{FAE04EC0-301F-11D3-BF4B-00C04F79EFBC}") = "FoggyConsole", "ExternalLibrary\FoggyConsole\FoggyConsole\FoggyConsole.csproj", "{232E460F-DAE6-4578-B3E4-7CC3444DB376}"
EndProject
Project("{FAE04EC0-301F-11D3-BF4B-00C04F79EFBC}") = "Richman4LWeb", "Apps\Richman4LWeb\Richman4LWeb.csproj", "{10205FEE-6020-4237-94EC-B68C0CD682C3}"
	ProjectSection(ProjectDependencies) = postProject
		{FAC43E22-00F1-48A9-B1F4-1831F3ED9CDB} = {FAC43E22-00F1-48A9-B1F4-1831F3ED9CDB}
	EndProjectSection
EndProject
Project("{2150E333-8FDC-42A3-9474-1A3956D46DE8}") = "Solution Items", "Solution Items", "{BB5CE489-12A8-451F-B1F9-6CC91B676173}"
	ProjectSection(SolutionItems) = preProject
		..\README.md = ..\README.md
	EndProjectSection
EndProject
Project("{FAE04EC0-301F-11D3-BF4B-00C04F79EFBC}") = "Richman4LUniUnitTest", "Apps\Richman4LUniUnitTest\Richman4LUniUnitTest.csproj", "{AA0095EF-91B1-44C9-9F70-D768D6CB34EA}"
	ProjectSection(ProjectDependencies) = postProject
		{0DDAAB3A-2358-4BD7-A865-E619446511BE} = {0DDAAB3A-2358-4BD7-A865-E619446511BE}
	EndProjectSection
EndProject
Project("{FAE04EC0-301F-11D3-BF4B-00C04F79EFBC}") = "CharacterMapRenderers", "Apps\CharacterMapRenderers\CharacterMapRenderers.csproj", "{FAC43E22-00F1-48A9-B1F4-1831F3ED9CDB}"
EndProject
Project("{FAE04EC0-301F-11D3-BF4B-00C04F79EFBC}") = "XamlMapRenderers", "Apps\XamlMapRenderers\XamlMapRenderers.csproj", "{73B80FC0-34F1-429E-86A6-8F63451E53E8}"
EndProject
Global
	GlobalSection(SolutionConfigurationPlatforms) = preSolution
		Debug|Any CPU = Debug|Any CPU
		Debug|ARM = Debug|ARM
		Debug|x64 = Debug|x64
		Debug|x86 = Debug|x86
		Release|Any CPU = Release|Any CPU
		Release|ARM = Release|ARM
		Release|x64 = Release|x64
		Release|x86 = Release|x86
	EndGlobalSection
	GlobalSection(ProjectConfigurationPlatforms) = postSolution
		{0DDAAB3A-2358-4BD7-A865-E619446511BE}.Debug|Any CPU.ActiveCfg = Debug|Any CPU
		{0DDAAB3A-2358-4BD7-A865-E619446511BE}.Debug|Any CPU.Build.0 = Debug|Any CPU
		{0DDAAB3A-2358-4BD7-A865-E619446511BE}.Debug|ARM.ActiveCfg = Debug|Any CPU
		{0DDAAB3A-2358-4BD7-A865-E619446511BE}.Debug|ARM.Build.0 = Debug|Any CPU
		{0DDAAB3A-2358-4BD7-A865-E619446511BE}.Debug|x64.ActiveCfg = Debug|Any CPU
		{0DDAAB3A-2358-4BD7-A865-E619446511BE}.Debug|x64.Build.0 = Debug|Any CPU
		{0DDAAB3A-2358-4BD7-A865-E619446511BE}.Debug|x86.ActiveCfg = Debug|Any CPU
		{0DDAAB3A-2358-4BD7-A865-E619446511BE}.Debug|x86.Build.0 = Debug|Any CPU
		{0DDAAB3A-2358-4BD7-A865-E619446511BE}.Release|Any CPU.ActiveCfg = Release|Any CPU
		{0DDAAB3A-2358-4BD7-A865-E619446511BE}.Release|Any CPU.Build.0 = Release|Any CPU
		{0DDAAB3A-2358-4BD7-A865-E619446511BE}.Release|ARM.ActiveCfg = Release|Any CPU
		{0DDAAB3A-2358-4BD7-A865-E619446511BE}.Release|ARM.Build.0 = Release|Any CPU
		{0DDAAB3A-2358-4BD7-A865-E619446511BE}.Release|x64.ActiveCfg = Release|Any CPU
		{0DDAAB3A-2358-4BD7-A865-E619446511BE}.Release|x64.Build.0 = Release|Any CPU
		{0DDAAB3A-2358-4BD7-A865-E619446511BE}.Release|x86.ActiveCfg = Release|Any CPU
		{0DDAAB3A-2358-4BD7-A865-E619446511BE}.Release|x86.Build.0 = Release|Any CPU
		{BD8D3D87-53A3-43F9-AE31-5951AD747B10}.Debug|Any CPU.ActiveCfg = Debug|Any CPU
		{BD8D3D87-53A3-43F9-AE31-5951AD747B10}.Debug|Any CPU.Build.0 = Debug|Any CPU
		{BD8D3D87-53A3-43F9-AE31-5951AD747B10}.Debug|ARM.ActiveCfg = Debug|Any CPU
		{BD8D3D87-53A3-43F9-AE31-5951AD747B10}.Debug|ARM.Build.0 = Debug|Any CPU
		{BD8D3D87-53A3-43F9-AE31-5951AD747B10}.Debug|x64.ActiveCfg = Debug|Any CPU
		{BD8D3D87-53A3-43F9-AE31-5951AD747B10}.Debug|x64.Build.0 = Debug|Any CPU
		{BD8D3D87-53A3-43F9-AE31-5951AD747B10}.Debug|x86.ActiveCfg = Debug|Any CPU
		{BD8D3D87-53A3-43F9-AE31-5951AD747B10}.Debug|x86.Build.0 = Debug|Any CPU
		{BD8D3D87-53A3-43F9-AE31-5951AD747B10}.Release|Any CPU.ActiveCfg = Release|Any CPU
		{BD8D3D87-53A3-43F9-AE31-5951AD747B10}.Release|Any CPU.Build.0 = Release|Any CPU
		{BD8D3D87-53A3-43F9-AE31-5951AD747B10}.Release|ARM.ActiveCfg = Release|Any CPU
		{BD8D3D87-53A3-43F9-AE31-5951AD747B10}.Release|ARM.Build.0 = Release|Any CPU
		{BD8D3D87-53A3-43F9-AE31-5951AD747B10}.Release|x64.ActiveCfg = Release|Any CPU
		{BD8D3D87-53A3-43F9-AE31-5951AD747B10}.Release|x64.Build.0 = Release|Any CPU
		{BD8D3D87-53A3-43F9-AE31-5951AD747B10}.Release|x86.ActiveCfg = Release|Any CPU
		{BD8D3D87-53A3-43F9-AE31-5951AD747B10}.Release|x86.Build.0 = Release|Any CPU
		{EDE6C6E9-FB2A-445D-B5E9-DC3CD6CE7828}.Debug|Any CPU.ActiveCfg = Debug|x86
		{EDE6C6E9-FB2A-445D-B5E9-DC3CD6CE7828}.Debug|Any CPU.Build.0 = Debug|x86
		{EDE6C6E9-FB2A-445D-B5E9-DC3CD6CE7828}.Debug|Any CPU.Deploy.0 = Debug|x86
		{EDE6C6E9-FB2A-445D-B5E9-DC3CD6CE7828}.Debug|ARM.ActiveCfg = Debug|ARM
		{EDE6C6E9-FB2A-445D-B5E9-DC3CD6CE7828}.Debug|ARM.Build.0 = Debug|ARM
		{EDE6C6E9-FB2A-445D-B5E9-DC3CD6CE7828}.Debug|ARM.Deploy.0 = Debug|ARM
		{EDE6C6E9-FB2A-445D-B5E9-DC3CD6CE7828}.Debug|x64.ActiveCfg = Debug|x64
		{EDE6C6E9-FB2A-445D-B5E9-DC3CD6CE7828}.Debug|x64.Build.0 = Debug|x64
		{EDE6C6E9-FB2A-445D-B5E9-DC3CD6CE7828}.Debug|x64.Deploy.0 = Debug|x64
		{EDE6C6E9-FB2A-445D-B5E9-DC3CD6CE7828}.Debug|x86.ActiveCfg = Debug|x86
		{EDE6C6E9-FB2A-445D-B5E9-DC3CD6CE7828}.Debug|x86.Build.0 = Debug|x86
		{EDE6C6E9-FB2A-445D-B5E9-DC3CD6CE7828}.Debug|x86.Deploy.0 = Debug|x86
		{EDE6C6E9-FB2A-445D-B5E9-DC3CD6CE7828}.Release|Any CPU.ActiveCfg = Release|Any CPU
		{EDE6C6E9-FB2A-445D-B5E9-DC3CD6CE7828}.Release|Any CPU.Build.0 = Release|Any CPU
		{EDE6C6E9-FB2A-445D-B5E9-DC3CD6CE7828}.Release|Any CPU.Deploy.0 = Release|Any CPU
		{EDE6C6E9-FB2A-445D-B5E9-DC3CD6CE7828}.Release|ARM.ActiveCfg = Release|ARM
		{EDE6C6E9-FB2A-445D-B5E9-DC3CD6CE7828}.Release|ARM.Build.0 = Release|ARM
		{EDE6C6E9-FB2A-445D-B5E9-DC3CD6CE7828}.Release|ARM.Deploy.0 = Release|ARM
		{EDE6C6E9-FB2A-445D-B5E9-DC3CD6CE7828}.Release|x64.ActiveCfg = Release|x64
		{EDE6C6E9-FB2A-445D-B5E9-DC3CD6CE7828}.Release|x64.Build.0 = Release|x64
		{EDE6C6E9-FB2A-445D-B5E9-DC3CD6CE7828}.Release|x64.Deploy.0 = Release|x64
		{EDE6C6E9-FB2A-445D-B5E9-DC3CD6CE7828}.Release|x86.ActiveCfg = Release|x86
		{EDE6C6E9-FB2A-445D-B5E9-DC3CD6CE7828}.Release|x86.Build.0 = Release|x86
		{EDE6C6E9-FB2A-445D-B5E9-DC3CD6CE7828}.Release|x86.Deploy.0 = Release|x86
		{7F57B1C2-CEE0-41DB-9823-15508EA2FBE6}.Debug|Any CPU.ActiveCfg = Debug|Any CPU
		{7F57B1C2-CEE0-41DB-9823-15508EA2FBE6}.Debug|Any CPU.Build.0 = Debug|Any CPU
		{7F57B1C2-CEE0-41DB-9823-15508EA2FBE6}.Debug|ARM.ActiveCfg = Debug|Any CPU
		{7F57B1C2-CEE0-41DB-9823-15508EA2FBE6}.Debug|ARM.Build.0 = Debug|Any CPU
		{7F57B1C2-CEE0-41DB-9823-15508EA2FBE6}.Debug|x64.ActiveCfg = Debug|Any CPU
		{7F57B1C2-CEE0-41DB-9823-15508EA2FBE6}.Debug|x64.Build.0 = Debug|Any CPU
		{7F57B1C2-CEE0-41DB-9823-15508EA2FBE6}.Debug|x86.ActiveCfg = Debug|Any CPU
		{7F57B1C2-CEE0-41DB-9823-15508EA2FBE6}.Debug|x86.Build.0 = Debug|Any CPU
		{7F57B1C2-CEE0-41DB-9823-15508EA2FBE6}.Release|Any CPU.ActiveCfg = Release|Any CPU
		{7F57B1C2-CEE0-41DB-9823-15508EA2FBE6}.Release|Any CPU.Build.0 = Release|Any CPU
		{7F57B1C2-CEE0-41DB-9823-15508EA2FBE6}.Release|ARM.ActiveCfg = Release|Any CPU
		{7F57B1C2-CEE0-41DB-9823-15508EA2FBE6}.Release|ARM.Build.0 = Release|Any CPU
		{7F57B1C2-CEE0-41DB-9823-15508EA2FBE6}.Release|x64.ActiveCfg = Release|Any CPU
		{7F57B1C2-CEE0-41DB-9823-15508EA2FBE6}.Release|x64.Build.0 = Release|Any CPU
		{7F57B1C2-CEE0-41DB-9823-15508EA2FBE6}.Release|x86.ActiveCfg = Release|Any CPU
		{7F57B1C2-CEE0-41DB-9823-15508EA2FBE6}.Release|x86.Build.0 = Release|Any CPU
		{38A9075E-B827-4D8B-BD53-DA9F3FBCDC5F}.Debug|Any CPU.ActiveCfg = Debug|Any CPU
		{38A9075E-B827-4D8B-BD53-DA9F3FBCDC5F}.Debug|Any CPU.Build.0 = Debug|Any CPU
		{38A9075E-B827-4D8B-BD53-DA9F3FBCDC5F}.Debug|ARM.ActiveCfg = Debug|Any CPU
		{38A9075E-B827-4D8B-BD53-DA9F3FBCDC5F}.Debug|ARM.Build.0 = Debug|Any CPU
		{38A9075E-B827-4D8B-BD53-DA9F3FBCDC5F}.Debug|x64.ActiveCfg = Debug|Any CPU
		{38A9075E-B827-4D8B-BD53-DA9F3FBCDC5F}.Debug|x64.Build.0 = Debug|Any CPU
		{38A9075E-B827-4D8B-BD53-DA9F3FBCDC5F}.Debug|x86.ActiveCfg = Debug|Any CPU
		{38A9075E-B827-4D8B-BD53-DA9F3FBCDC5F}.Debug|x86.Build.0 = Debug|Any CPU
		{38A9075E-B827-4D8B-BD53-DA9F3FBCDC5F}.Release|Any CPU.ActiveCfg = Release|Any CPU
		{38A9075E-B827-4D8B-BD53-DA9F3FBCDC5F}.Release|Any CPU.Build.0 = Release|Any CPU
		{38A9075E-B827-4D8B-BD53-DA9F3FBCDC5F}.Release|ARM.ActiveCfg = Release|Any CPU
		{38A9075E-B827-4D8B-BD53-DA9F3FBCDC5F}.Release|ARM.Build.0 = Release|Any CPU
		{38A9075E-B827-4D8B-BD53-DA9F3FBCDC5F}.Release|x64.ActiveCfg = Release|Any CPU
		{38A9075E-B827-4D8B-BD53-DA9F3FBCDC5F}.Release|x64.Build.0 = Release|Any CPU
		{38A9075E-B827-4D8B-BD53-DA9F3FBCDC5F}.Release|x86.ActiveCfg = Release|Any CPU
		{38A9075E-B827-4D8B-BD53-DA9F3FBCDC5F}.Release|x86.Build.0 = Release|Any CPU
		{A39BFBED-A59F-4C73-8C9D-F182DEE951EB}.Debug|Any CPU.ActiveCfg = Debug|Any CPU
		{A39BFBED-A59F-4C73-8C9D-F182DEE951EB}.Debug|Any CPU.Build.0 = Debug|Any CPU
		{A39BFBED-A59F-4C73-8C9D-F182DEE951EB}.Debug|ARM.ActiveCfg = Debug|Any CPU
		{A39BFBED-A59F-4C73-8C9D-F182DEE951EB}.Debug|ARM.Build.0 = Debug|Any CPU
		{A39BFBED-A59F-4C73-8C9D-F182DEE951EB}.Debug|x64.ActiveCfg = Debug|Any CPU
		{A39BFBED-A59F-4C73-8C9D-F182DEE951EB}.Debug|x64.Build.0 = Debug|Any CPU
		{A39BFBED-A59F-4C73-8C9D-F182DEE951EB}.Debug|x86.ActiveCfg = Debug|Any CPU
		{A39BFBED-A59F-4C73-8C9D-F182DEE951EB}.Debug|x86.Build.0 = Debug|Any CPU
		{A39BFBED-A59F-4C73-8C9D-F182DEE951EB}.Release|Any CPU.ActiveCfg = Release|Any CPU
		{A39BFBED-A59F-4C73-8C9D-F182DEE951EB}.Release|Any CPU.Build.0 = Release|Any CPU
		{A39BFBED-A59F-4C73-8C9D-F182DEE951EB}.Release|ARM.ActiveCfg = Release|Any CPU
		{A39BFBED-A59F-4C73-8C9D-F182DEE951EB}.Release|ARM.Build.0 = Release|Any CPU
		{A39BFBED-A59F-4C73-8C9D-F182DEE951EB}.Release|x64.ActiveCfg = Release|Any CPU
		{A39BFBED-A59F-4C73-8C9D-F182DEE951EB}.Release|x64.Build.0 = Release|Any CPU
		{A39BFBED-A59F-4C73-8C9D-F182DEE951EB}.Release|x86.ActiveCfg = Release|Any CPU
		{A39BFBED-A59F-4C73-8C9D-F182DEE951EB}.Release|x86.Build.0 = Release|Any CPU
		{4A92DAE7-1C9D-42A5-AEF2-9851A74AD384}.Debug|Any CPU.ActiveCfg = Debug|Any CPU
		{4A92DAE7-1C9D-42A5-AEF2-9851A74AD384}.Debug|Any CPU.Build.0 = Debug|Any CPU
		{4A92DAE7-1C9D-42A5-AEF2-9851A74AD384}.Debug|ARM.ActiveCfg = Debug|Any CPU
		{4A92DAE7-1C9D-42A5-AEF2-9851A74AD384}.Debug|ARM.Build.0 = Debug|Any CPU
		{4A92DAE7-1C9D-42A5-AEF2-9851A74AD384}.Debug|x64.ActiveCfg = Debug|Any CPU
		{4A92DAE7-1C9D-42A5-AEF2-9851A74AD384}.Debug|x64.Build.0 = Debug|Any CPU
		{4A92DAE7-1C9D-42A5-AEF2-9851A74AD384}.Debug|x86.ActiveCfg = Debug|Any CPU
		{4A92DAE7-1C9D-42A5-AEF2-9851A74AD384}.Debug|x86.Build.0 = Debug|Any CPU
		{4A92DAE7-1C9D-42A5-AEF2-9851A74AD384}.Release|Any CPU.ActiveCfg = Release|Any CPU
		{4A92DAE7-1C9D-42A5-AEF2-9851A74AD384}.Release|Any CPU.Build.0 = Release|Any CPU
		{4A92DAE7-1C9D-42A5-AEF2-9851A74AD384}.Release|ARM.ActiveCfg = Release|Any CPU
		{4A92DAE7-1C9D-42A5-AEF2-9851A74AD384}.Release|ARM.Build.0 = Release|Any CPU
		{4A92DAE7-1C9D-42A5-AEF2-9851A74AD384}.Release|x64.ActiveCfg = Release|Any CPU
		{4A92DAE7-1C9D-42A5-AEF2-9851A74AD384}.Release|x64.Build.0 = Release|Any CPU
		{4A92DAE7-1C9D-42A5-AEF2-9851A74AD384}.Release|x86.ActiveCfg = Release|Any CPU
		{4A92DAE7-1C9D-42A5-AEF2-9851A74AD384}.Release|x86.Build.0 = Release|Any CPU
		{232E460F-DAE6-4578-B3E4-7CC3444DB376}.Debug|Any CPU.ActiveCfg = Debug|Any CPU
		{232E460F-DAE6-4578-B3E4-7CC3444DB376}.Debug|Any CPU.Build.0 = Debug|Any CPU
		{232E460F-DAE6-4578-B3E4-7CC3444DB376}.Debug|ARM.ActiveCfg = Debug|Any CPU
		{232E460F-DAE6-4578-B3E4-7CC3444DB376}.Debug|ARM.Build.0 = Debug|Any CPU
		{232E460F-DAE6-4578-B3E4-7CC3444DB376}.Debug|x64.ActiveCfg = Debug|Any CPU
		{232E460F-DAE6-4578-B3E4-7CC3444DB376}.Debug|x64.Build.0 = Debug|Any CPU
		{232E460F-DAE6-4578-B3E4-7CC3444DB376}.Debug|x86.ActiveCfg = Debug|Any CPU
		{232E460F-DAE6-4578-B3E4-7CC3444DB376}.Debug|x86.Build.0 = Debug|Any CPU
		{232E460F-DAE6-4578-B3E4-7CC3444DB376}.Release|Any CPU.ActiveCfg = Release|Any CPU
		{232E460F-DAE6-4578-B3E4-7CC3444DB376}.Release|Any CPU.Build.0 = Release|Any CPU
		{232E460F-DAE6-4578-B3E4-7CC3444DB376}.Release|ARM.ActiveCfg = Release|Any CPU
		{232E460F-DAE6-4578-B3E4-7CC3444DB376}.Release|ARM.Build.0 = Release|Any CPU
		{232E460F-DAE6-4578-B3E4-7CC3444DB376}.Release|x64.ActiveCfg = Release|Any CPU
		{232E460F-DAE6-4578-B3E4-7CC3444DB376}.Release|x64.Build.0 = Release|Any CPU
		{232E460F-DAE6-4578-B3E4-7CC3444DB376}.Release|x86.ActiveCfg = Release|Any CPU
		{232E460F-DAE6-4578-B3E4-7CC3444DB376}.Release|x86.Build.0 = Release|Any CPU
		{10205FEE-6020-4237-94EC-B68C0CD682C3}.Debug|Any CPU.ActiveCfg = Debug|Any CPU
		{10205FEE-6020-4237-94EC-B68C0CD682C3}.Debug|Any CPU.Build.0 = Debug|Any CPU
		{10205FEE-6020-4237-94EC-B68C0CD682C3}.Debug|ARM.ActiveCfg = Debug|Any CPU
		{10205FEE-6020-4237-94EC-B68C0CD682C3}.Debug|ARM.Build.0 = Debug|Any CPU
		{10205FEE-6020-4237-94EC-B68C0CD682C3}.Debug|x64.ActiveCfg = Debug|Any CPU
		{10205FEE-6020-4237-94EC-B68C0CD682C3}.Debug|x64.Build.0 = Debug|Any CPU
		{10205FEE-6020-4237-94EC-B68C0CD682C3}.Debug|x86.ActiveCfg = Debug|Any CPU
		{10205FEE-6020-4237-94EC-B68C0CD682C3}.Debug|x86.Build.0 = Debug|Any CPU
		{10205FEE-6020-4237-94EC-B68C0CD682C3}.Release|Any CPU.ActiveCfg = Release|Any CPU
		{10205FEE-6020-4237-94EC-B68C0CD682C3}.Release|Any CPU.Build.0 = Release|Any CPU
		{10205FEE-6020-4237-94EC-B68C0CD682C3}.Release|ARM.ActiveCfg = Release|Any CPU
		{10205FEE-6020-4237-94EC-B68C0CD682C3}.Release|ARM.Build.0 = Release|Any CPU
		{10205FEE-6020-4237-94EC-B68C0CD682C3}.Release|x64.ActiveCfg = Release|Any CPU
		{10205FEE-6020-4237-94EC-B68C0CD682C3}.Release|x64.Build.0 = Release|Any CPU
		{10205FEE-6020-4237-94EC-B68C0CD682C3}.Release|x86.ActiveCfg = Release|Any CPU
		{10205FEE-6020-4237-94EC-B68C0CD682C3}.Release|x86.Build.0 = Release|Any CPU
		{AA0095EF-91B1-44C9-9F70-D768D6CB34EA}.Debug|Any CPU.ActiveCfg = Debug|x86
		{AA0095EF-91B1-44C9-9F70-D768D6CB34EA}.Debug|ARM.ActiveCfg = Debug|ARM
		{AA0095EF-91B1-44C9-9F70-D768D6CB34EA}.Debug|ARM.Build.0 = Debug|ARM
		{AA0095EF-91B1-44C9-9F70-D768D6CB34EA}.Debug|ARM.Deploy.0 = Debug|ARM
		{AA0095EF-91B1-44C9-9F70-D768D6CB34EA}.Debug|x64.ActiveCfg = Debug|x64
		{AA0095EF-91B1-44C9-9F70-D768D6CB34EA}.Debug|x64.Build.0 = Debug|x64
		{AA0095EF-91B1-44C9-9F70-D768D6CB34EA}.Debug|x64.Deploy.0 = Debug|x64
		{AA0095EF-91B1-44C9-9F70-D768D6CB34EA}.Debug|x86.ActiveCfg = Debug|x86
		{AA0095EF-91B1-44C9-9F70-D768D6CB34EA}.Debug|x86.Build.0 = Debug|x86
		{AA0095EF-91B1-44C9-9F70-D768D6CB34EA}.Debug|x86.Deploy.0 = Debug|x86
		{AA0095EF-91B1-44C9-9F70-D768D6CB34EA}.Release|Any CPU.ActiveCfg = Release|x86
		{AA0095EF-91B1-44C9-9F70-D768D6CB34EA}.Release|ARM.ActiveCfg = Release|ARM
		{AA0095EF-91B1-44C9-9F70-D768D6CB34EA}.Release|ARM.Build.0 = Release|ARM
		{AA0095EF-91B1-44C9-9F70-D768D6CB34EA}.Release|ARM.Deploy.0 = Release|ARM
		{AA0095EF-91B1-44C9-9F70-D768D6CB34EA}.Release|x64.ActiveCfg = Release|x64
		{AA0095EF-91B1-44C9-9F70-D768D6CB34EA}.Release|x64.Build.0 = Release|x64
		{AA0095EF-91B1-44C9-9F70-D768D6CB34EA}.Release|x64.Deploy.0 = Release|x64
		{AA0095EF-91B1-44C9-9F70-D768D6CB34EA}.Release|x86.ActiveCfg = Release|x86
		{AA0095EF-91B1-44C9-9F70-D768D6CB34EA}.Release|x86.Build.0 = Release|x86
		{AA0095EF-91B1-44C9-9F70-D768D6CB34EA}.Release|x86.Deploy.0 = Release|x86
		{FAC43E22-00F1-48A9-B1F4-1831F3ED9CDB}.Debug|Any CPU.ActiveCfg = Debug|Any CPU
		{FAC43E22-00F1-48A9-B1F4-1831F3ED9CDB}.Debug|Any CPU.Build.0 = Debug|Any CPU
		{FAC43E22-00F1-48A9-B1F4-1831F3ED9CDB}.Debug|ARM.ActiveCfg = Debug|Any CPU
		{FAC43E22-00F1-48A9-B1F4-1831F3ED9CDB}.Debug|ARM.Build.0 = Debug|Any CPU
		{FAC43E22-00F1-48A9-B1F4-1831F3ED9CDB}.Debug|x64.ActiveCfg = Debug|Any CPU
		{FAC43E22-00F1-48A9-B1F4-1831F3ED9CDB}.Debug|x64.Build.0 = Debug|Any CPU
		{FAC43E22-00F1-48A9-B1F4-1831F3ED9CDB}.Debug|x86.ActiveCfg = Debug|Any CPU
		{FAC43E22-00F1-48A9-B1F4-1831F3ED9CDB}.Debug|x86.Build.0 = Debug|Any CPU
		{FAC43E22-00F1-48A9-B1F4-1831F3ED9CDB}.Release|Any CPU.ActiveCfg = Release|Any CPU
		{FAC43E22-00F1-48A9-B1F4-1831F3ED9CDB}.Release|Any CPU.Build.0 = Release|Any CPU
		{FAC43E22-00F1-48A9-B1F4-1831F3ED9CDB}.Release|ARM.ActiveCfg = Release|Any CPU
		{FAC43E22-00F1-48A9-B1F4-1831F3ED9CDB}.Release|ARM.Build.0 = Release|Any CPU
		{FAC43E22-00F1-48A9-B1F4-1831F3ED9CDB}.Release|x64.ActiveCfg = Release|Any CPU
		{FAC43E22-00F1-48A9-B1F4-1831F3ED9CDB}.Release|x64.Build.0 = Release|Any CPU
		{FAC43E22-00F1-48A9-B1F4-1831F3ED9CDB}.Release|x86.ActiveCfg = Release|Any CPU
		{FAC43E22-00F1-48A9-B1F4-1831F3ED9CDB}.Release|x86.Build.0 = Release|Any CPU
		{73B80FC0-34F1-429E-86A6-8F63451E53E8}.Debug|Any CPU.ActiveCfg = Debug|Any CPU
		{73B80FC0-34F1-429E-86A6-8F63451E53E8}.Debug|Any CPU.Build.0 = Debug|Any CPU
		{73B80FC0-34F1-429E-86A6-8F63451E53E8}.Debug|ARM.ActiveCfg = Debug|ARM
		{73B80FC0-34F1-429E-86A6-8F63451E53E8}.Debug|ARM.Build.0 = Debug|ARM
		{73B80FC0-34F1-429E-86A6-8F63451E53E8}.Debug|x64.ActiveCfg = Debug|x64
		{73B80FC0-34F1-429E-86A6-8F63451E53E8}.Debug|x64.Build.0 = Debug|x64
		{73B80FC0-34F1-429E-86A6-8F63451E53E8}.Debug|x86.ActiveCfg = Debug|x86
		{73B80FC0-34F1-429E-86A6-8F63451E53E8}.Debug|x86.Build.0 = Debug|x86
		{73B80FC0-34F1-429E-86A6-8F63451E53E8}.Release|Any CPU.ActiveCfg = Release|Any CPU
		{73B80FC0-34F1-429E-86A6-8F63451E53E8}.Release|Any CPU.Build.0 = Release|Any CPU
		{73B80FC0-34F1-429E-86A6-8F63451E53E8}.Release|ARM.ActiveCfg = Release|ARM
		{73B80FC0-34F1-429E-86A6-8F63451E53E8}.Release|ARM.Build.0 = Release|ARM
		{73B80FC0-34F1-429E-86A6-8F63451E53E8}.Release|x64.ActiveCfg = Release|x64
		{73B80FC0-34F1-429E-86A6-8F63451E53E8}.Release|x64.Build.0 = Release|x64
		{73B80FC0-34F1-429E-86A6-8F63451E53E8}.Release|x86.ActiveCfg = Release|x86
		{73B80FC0-34F1-429E-86A6-8F63451E53E8}.Release|x86.Build.0 = Release|x86
	EndGlobalSection
	GlobalSection(SolutionProperties) = preSolution
		HideSolutionNode = FALSE
	EndGlobalSection
	GlobalSection(NestedProjects) = preSolution
		{0DDAAB3A-2358-4BD7-A865-E619446511BE} = {360E191B-B509-4E4A-AAEB-27808A259B60}
		{BD8D3D87-53A3-43F9-AE31-5951AD747B10} = {360E191B-B509-4E4A-AAEB-27808A259B60}
		{EDE6C6E9-FB2A-445D-B5E9-DC3CD6CE7828} = {6FC8DA3E-DE22-4C74-B70C-39819C441EE0}
		{AA65673C-8C11-41E1-85C4-CC4A7F177220} = {EA2DBB93-9010-44A6-B1E2-5F1B212A36E2}
		{60471C83-B52D-43F1-9FCD-AC1EE25DA0B0} = {AA65673C-8C11-41E1-85C4-CC4A7F177220}
		{7F57B1C2-CEE0-41DB-9823-15508EA2FBE6} = {6FC8DA3E-DE22-4C74-B70C-39819C441EE0}
		{38A9075E-B827-4D8B-BD53-DA9F3FBCDC5F} = {C2D6FD58-68C2-40F4-BE1D-5E61B71C223B}
		{2C764781-1AEA-4659-A132-E29AD990F260} = {24D195B5-C88C-4D45-BDAC-69ED39EE014C}
		{A39BFBED-A59F-4C73-8C9D-F182DEE951EB} = {2C764781-1AEA-4659-A132-E29AD990F260}
		{4A92DAE7-1C9D-42A5-AEF2-9851A74AD384} = {2C764781-1AEA-4659-A132-E29AD990F260}
		{080232B8-957F-4593-9778-EBC02A546F76} = {24D195B5-C88C-4D45-BDAC-69ED39EE014C}
		{232E460F-DAE6-4578-B3E4-7CC3444DB376} = {080232B8-957F-4593-9778-EBC02A546F76}
		{10205FEE-6020-4237-94EC-B68C0CD682C3} = {6FC8DA3E-DE22-4C74-B70C-39819C441EE0}
		{AA0095EF-91B1-44C9-9F70-D768D6CB34EA} = {6FC8DA3E-DE22-4C74-B70C-39819C441EE0}
		{FAC43E22-00F1-48A9-B1F4-1831F3ED9CDB} = {6FC8DA3E-DE22-4C74-B70C-39819C441EE0}
		{73B80FC0-34F1-429E-86A6-8F63451E53E8} = {6FC8DA3E-DE22-4C74-B70C-39819C441EE0}
	EndGlobalSection
	GlobalSection(TeamFoundationVersionControl) = preSolution
		SccNumberOfProjects = 12
		SccEnterpriseProvider = {4CA58AB2-18FA-4F8D-95D4-32DDF27D184C}
		SccTeamFoundationServer = https://wenceywang.visualstudio.com/
		SccProjectUniqueName0 = Logics\\GameLogic\\GameLogic.csproj
		SccProjectTopLevelParentUniqueName0 = Richman4L.sln
		SccProjectName0 = Logics/GameLogic
		SccAuxPath0 = https://wenceywang.visualstudio.com
		SccLocalPath0 = Logics\\GameLogic
		SccProvider0 = {4CA58AB2-18FA-4F8D-95D4-32DDF27D184C}
		SccProjectUniqueName1 = Apps\\CharacterMapRenderers\\CharacterMapRenderers.csproj
		SccProjectTopLevelParentUniqueName1 = Richman4L.sln
		SccProjectName1 = Apps/CharacterMapRenderers
		SccAuxPath1 = https://wenceywang.visualstudio.com
		SccLocalPath1 = Apps\\CharacterMapRenderers
		SccProvider1 = {4CA58AB2-18FA-4F8D-95D4-32DDF27D184C}
		SccProjectUniqueName2 = Logics\\GameLogicUnitTest\\GameLogicUnitTest.csproj
		SccProjectTopLevelParentUniqueName2 = Richman4L.sln
		SccProjectName2 = Logics/GameLogicUnitTest
		SccAuxPath2 = https://wenceywang.visualstudio.com
		SccLocalPath2 = Logics\\GameLogicUnitTest
		SccProvider2 = {4CA58AB2-18FA-4F8D-95D4-32DDF27D184C}
		SccProjectUniqueName3 = Apps\\XamlMapRenderers\\XamlMapRenderers.csproj
		SccProjectTopLevelParentUniqueName3 = Richman4L.sln
		SccProjectName3 = Apps/XamlMapRenderers
		SccAuxPath3 = https://wenceywang.visualstudio.com
		SccLocalPath3 = Apps\\XamlMapRenderers
		SccProvider3 = {4CA58AB2-18FA-4F8D-95D4-32DDF27D184C}
		SccProjectUniqueName4 = Apps\\Richman4LUni\\Richman4LUni.csproj
		SccProjectTopLevelParentUniqueName4 = Richman4L.sln
		SccProjectName4 = Apps/Richman4LUni
		SccAuxPath4 = https://wenceywang.visualstudio.com
		SccLocalPath4 = Apps\\Richman4LUni
		SccProvider4 = {4CA58AB2-18FA-4F8D-95D4-32DDF27D184C}
		SccProjectUniqueName5 = ExternalLibrary\\FIGlet.Net\\FIGlet.Net\\FIGlet.Net.csproj
		SccProjectTopLevelParentUniqueName5 = Richman4L.sln
		SccProjectName5 = ExternalLibrary/FIGlet.Net/FIGlet.Net
		SccAuxPath5 = https://wenceywang.visualstudio.com
		SccLocalPath5 = ExternalLibrary\\FIGlet.Net\\FIGlet.Net
		SccProvider5 = {4CA58AB2-18FA-4F8D-95D4-32DDF27D184C}
		SccProjectUniqueName6 = ExternalLibrary\\FoggyConsole\\FoggyConsole\\FoggyConsole.csproj
		SccProjectTopLevelParentUniqueName6 = Richman4L.sln
		SccProjectName6 = ExternalLibrary/FoggyConsole/FoggyConsole
		SccAuxPath6 = https://wenceywang.visualstudio.com
		SccLocalPath6 = ExternalLibrary\\FoggyConsole\\FoggyConsole
		SccProvider6 = {4CA58AB2-18FA-4F8D-95D4-32DDF27D184C}
		SccProjectUniqueName7 = Apps\\Richman4LConsole\\Richman4LConsole.csproj
		SccProjectTopLevelParentUniqueName7 = Richman4L.sln
		SccProjectName7 = Apps/Richman4LConsole
		SccAuxPath7 = https://wenceywang.visualstudio.com
		SccLocalPath7 = Apps\\Richman4LConsole
		SccProvider7 = {4CA58AB2-18FA-4F8D-95D4-32DDF27D184C}
		SccProjectUniqueName8 = Tools\\BuildingTypeDesigner\\BuildingTypeDesigner.csproj
		SccProjectTopLevelParentUniqueName8 = Richman4L.sln
		SccProjectName8 = Tools/BuildingTypeDesigner
		SccAuxPath8 = https://wenceywang.visualstudio.com
		SccLocalPath8 = Tools\\BuildingTypeDesigner
		SccProvider8 = {4CA58AB2-18FA-4F8D-95D4-32DDF27D184C}
		SccProjectUniqueName9 = ExternalLibrary\\FIGlet.Net\\FIGlet.NetUnitTest\\FIGlet.NetUnitTest.csproj
		SccProjectTopLevelParentUniqueName9 = Richman4L.sln
		SccProjectName9 = ExternalLibrary/FIGlet.Net/FIGlet.NetUnitTest
		SccAuxPath9 = https://wenceywang.visualstudio.com
		SccLocalPath9 = ExternalLibrary\\FIGlet.Net\\FIGlet.NetUnitTest
		SccProvider9 = {4CA58AB2-18FA-4F8D-95D4-32DDF27D184C}
		SccProjectUniqueName10 = Apps\\Richman4LWeb\\Richman4LWeb.csproj
		SccProjectTopLevelParentUniqueName10 = Richman4L.sln
		SccProjectName10 = Apps/Richman4LWeb
		SccAuxPath10 = https://wenceywang.visualstudio.com
		SccLocalPath10 = Apps\\Richman4LWeb
		SccProvider10 = {4CA58AB2-18FA-4F8D-95D4-32DDF27D184C}
		SccProjectUniqueName11 = Apps\\Richman4LUniUnitTest\\Richman4LUniUnitTest.csproj
		SccProjectTopLevelParentUniqueName11 = Richman4L.sln
		SccProjectName11 = Apps/Richman4LUniUnitTest
		SccAuxPath11 = https://wenceywang.visualstudio.com
		SccLocalPath11 = Apps\\Richman4LUniUnitTest
		SccProvider11 = {4CA58AB2-18FA-4F8D-95D4-32DDF27D184C}
	EndGlobalSection
EndGlobal
